
Microsoft Visual Studio Solution File, Format Version 11.0
# Visual Studio 2010
Project("{FAE04EC0-301F-11D3-BF4B-00C04F79EFBC}") = "UnityVS.kadaiUnity4_.CSharp.Plugins", "UnityVS.kadaiUnity4_.CSharp.Plugins.csproj", "{6673FA04-F6E3-1A48-2F1D-440B04B3DD34}"
EndProject
Project("{FAE04EC0-301F-11D3-BF4B-00C04F79EFBC}") = "UnityVS.kadaiUnity4_.CSharp", "UnityVS.kadaiUnity4_.CSharp.csproj", "{E0BE21BA-AA86-7C97-0DC8-7AB15F2AD243}"
EndProject
Global
	GlobalSection(SolutionConfigurationPlatforms) = preSolution
		Debug|Any CPU = Debug|Any CPU
		Release|Any CPU = Release|Any CPU
	EndGlobalSection
	GlobalSection(ProjectConfigurationPlatforms) = postSolution
		{6673FA04-F6E3-1A48-2F1D-440B04B3DD34}.Debug|Any CPU.ActiveCfg = Debug|Any CPU
		{6673FA04-F6E3-1A48-2F1D-440B04B3DD34}.Debug|Any CPU.Build.0 = Debug|Any CPU
		{6673FA04-F6E3-1A48-2F1D-440B04B3DD34}.Release|Any CPU.ActiveCfg = Release|Any CPU
		{6673FA04-F6E3-1A48-2F1D-440B04B3DD34}.Release|Any CPU.Build.0 = Release|Any CPU
		{E0BE21BA-AA86-7C97-0DC8-7AB15F2AD243}.Debug|Any CPU.ActiveCfg = Debug|Any CPU
		{E0BE21BA-AA86-7C97-0DC8-7AB15F2AD243}.Debug|Any CPU.Build.0 = Debug|Any CPU
		{E0BE21BA-AA86-7C97-0DC8-7AB15F2AD243}.Release|Any CPU.ActiveCfg = Release|Any CPU
		{E0BE21BA-AA86-7C97-0DC8-7AB15F2AD243}.Release|Any CPU.Build.0 = Release|Any CPU
	EndGlobalSection
	GlobalSection(SolutionProperties) = preSolution
		HideSolutionNode = FALSE
	EndGlobalSection
EndGlobal
